# THIS IS AN AUTOGENERATED FILE. DO NOT EDIT THIS FILE DIRECTLY.
# yarn lockfile v1


"@codemirror/gutter@^0.18.4":
  version "0.18.4"
  resolved "https://registry.yarnpkg.com/@codemirror/gutter/-/gutter-0.18.4.tgz#6ebdfc87d94b02ffa0ec7bcf40d20f989fe26457"
  integrity sha512-Sf2IWshMi9zwVVqpGmd2NRplY0qfrE2IiBEII9n2gB9M8hgIMg5GCyhdnsUDsOm0gcSut65W62vV7/DfYJHQCA==
  dependencies:
    "@codemirror/rangeset" "^0.18.3"
    "@codemirror/state" "^0.18.0"
    "@codemirror/view" "^0.18.0"

"@codemirror/highlight@^0.18.4":
  version "0.18.4"
  resolved "https://registry.yarnpkg.com/@codemirror/highlight/-/highlight-0.18.4.tgz#83dfd402d7cbfe67dc9d0cb93a25755321014829"
  integrity sha512-3azJntqWrShOIq/0kVcdMc9k7ACL0LQErgK+A6aWXmCj5Mx0gShq+Iajy8AMQ2zB0v3nhCBgFaniL1LLD5m5hQ==
  dependencies:
    "@codemirror/language" "^0.18.0"
    "@codemirror/rangeset" "^0.18.0"
    "@codemirror/state" "^0.18.0"
    "@codemirror/view" "^0.18.0"
    lezer-tree "^0.13.0"
    style-mod "^4.0.0"

"@codemirror/language@^0.18.0", "@codemirror/language@^0.18.2":
  version "0.18.2"
  resolved "https://registry.yarnpkg.com/@codemirror/language/-/language-0.18.2.tgz#92b0e2ba0debfa8473d805efdabda5c24376cb16"
  integrity sha512-2Kz0Xyfvt1Ex2KfTUcYZ3IBxpnFCqHaJijwZknGBT7JXv9dwbOPs9SfPfL4oxVuDIHZx8JTPfoV3LTTJrm8M3Q==
  dependencies:
    "@codemirror/state" "^0.18.0"
    "@codemirror/text" "^0.18.0"
    "@codemirror/view" "^0.18.0"
    lezer "^0.13.4"
    lezer-tree "^0.13.0"

"@codemirror/rangeset@^0.18.0", "@codemirror/rangeset@^0.18.2", "@codemirror/rangeset@^0.18.3":
  version "0.18.5"
  resolved "https://registry.yarnpkg.com/@codemirror/rangeset/-/rangeset-0.18.5.tgz#bed51de16992e104d7a8867f4a3e6fe6601c1d5f"
  integrity sha512-gvYniNeEbGRp74MM8EQ+0tylK85pVody4r4N5bs94msPwHQSKFkEmosl8tVmS0Z4e8gRtlB37m8/cWoRiuSz5Q==
  dependencies:
    "@codemirror/state" "^0.18.0"

"@codemirror/state@^0.18.0", "@codemirror/state@^0.18.7":
  version "0.18.7"
  resolved "https://registry.yarnpkg.com/@codemirror/state/-/state-0.18.7.tgz#3339a732387bb2c034987c57ccf0649ef2f7c4c1"
  integrity sha512-cVyTiAC9vv90NKmGOfNtBjyIem3BqKui1L5Hfcxurp8K9votQj2oH9COcgWPnQ2Xs64yC70tEuTt9DF1pj5PFQ==
  dependencies:
    "@codemirror/text" "^0.18.0"

"@codemirror/text@^0.18.0", "@codemirror/text@^0.18.1":
  version "0.18.1"
  resolved "https://registry.yarnpkg.com/@codemirror/text/-/text-0.18.1.tgz#badacd628b8485932f8a42468bca1a106e210f93"
  integrity sha512-vjXs6mi1F418kucTPlFvnCt9glKnjtYssdXb8mm1oaY/F5O+tgGVepm9Z8F7AKWCQvW8Bns1D3uLz/DOIEywIw==

"@codemirror/view@^0.18.0", "@codemirror/view@^0.18.19":
  version "0.18.19"
  resolved "https://registry.yarnpkg.com/@codemirror/view/-/view-0.18.19.tgz#9d4f943a9e79ae00f6ad2ace0d6c759624faa86f"
  integrity sha512-TmazVl8H3L+aYwlNb8xk6qADRb8KiYOO047pz51R4mGCg4Ja2siSjXktZgUvklsyWbUY7h9q+oAf4piH+mQZTw==
  dependencies:
    "@codemirror/rangeset" "^0.18.2"
    "@codemirror/state" "^0.18.0"
    "@codemirror/text" "^0.18.1"
    style-mod "^4.0.0"
    w3c-keyname "^2.2.4"

"@orcid/bibtex-parse-js@^0.0.25":
  version "0.0.25"
  resolved "https://registry.yarnpkg.com/@orcid/bibtex-parse-js/-/bibtex-parse-js-0.0.25.tgz#3a4996d2339cab55ab6e43849cc791efa7a35418"
  integrity sha512-n6VuG5/WjiifC1DoUzq0sUCWNSbAyRZznBgvPcY4jVZ/2eJiMv2tNUAt2NukbnFExOUa0RyTOFsqhH2MGpiLgQ==

"@popperjs/core@^2.9.2":
  version "2.9.3"
  resolved "https://registry.yarnpkg.com/@popperjs/core/-/core-2.9.3.tgz#8b68da1ebd7fc603999cf6ebee34a4899a14b88e"
  integrity sha512-xDu17cEfh7Kid/d95kB6tZsLOmSWKCZKtprnhVepjsSaCij+lM3mItSJDuuHDMbCWTh8Ejmebwb+KONcCJ0eXQ==

"@types/css-font-loading-module@^0.0.6":
  version "0.0.6"
  resolved "https://registry.yarnpkg.com/@types/css-font-loading-module/-/css-font-loading-module-0.0.6.tgz#1ac3417ed31eeb953134d29b56bca921644b87c0"
  integrity sha512-MBvSMSxXFtIukyXRU3HhzL369rIWaqMVQD5kmDCYIFFD6Fe3lJ4c9UnLD02MLdTp7Z6ti7rO3SQtuDo7C80mmw==

"@types/katex@^0.11.0":
  version "0.11.1"
  resolved "https://registry.yarnpkg.com/@types/katex/-/katex-0.11.1.tgz#34de04477dcf79e2ef6c8d23b41a3d81f9ebeaf5"
  integrity sha512-DUlIj2nk0YnJdlWgsFuVKcX27MLW0KbKmGVoUHmFr+74FYYNUDAaj9ZqTADvsbE8rfxuVmSFc7KczYn5Y09ozg==

"@types/lodash@^4.14.170":
  version "4.14.172"
  resolved "https://registry.yarnpkg.com/@types/lodash/-/lodash-4.14.172.tgz#aad774c28e7bfd7a67de25408e03ee5a8c3d028a"
  integrity sha512-/BHF5HAx3em7/KkzVKm3LrsD6HZAXuXO1AJZQ3cRRBZj4oHZDviWPYu0aEplAqDFNHZPW6d3G7KN+ONcCCC7pw==

"@types/prop-types@*":
  version "15.7.4"
  resolved "https://registry.yarnpkg.com/@types/prop-types/-/prop-types-15.7.4.tgz#fcf7205c25dff795ee79af1e30da2c9790808f11"
  integrity sha512-rZ5drC/jWjrArrS8BR6SIr4cWpW09RNTYt9AMZo3Jwwif+iacXAqgVjm0B0Bv/S1jhDXKHqRVNCbACkJ89RAnQ==

"@types/react-dom@^17.0.9":
  version "17.0.9"
  resolved "https://registry.yarnpkg.com/@types/react-dom/-/react-dom-17.0.9.tgz#441a981da9d7be117042e1a6fd3dac4b30f55add"
  integrity sha512-wIvGxLfgpVDSAMH5utdL9Ngm5Owu0VsGmldro3ORLXV8CShrL8awVj06NuEXFQ5xyaYfdca7Sgbk/50Ri1GdPg==
  dependencies:
    "@types/react" "*"

"@types/react@*", "@types/react@^17.0.13":
  version "17.0.15"
  resolved "https://registry.yarnpkg.com/@types/react/-/react-17.0.15.tgz#c7533dc38025677e312606502df7656a6ea626d0"
  integrity sha512-uTKHDK9STXFHLaKv6IMnwp52fm0hwU+N89w/p9grdUqcFA6WuqDyPhaWopbNyE1k/VhgzmHl8pu1L4wITtmlLw==
  dependencies:
    "@types/prop-types" "*"
    "@types/scheduler" "*"
    csstype "^3.0.2"

"@types/scheduler@*":
  version "0.16.2"
  resolved "https://registry.yarnpkg.com/@types/scheduler/-/scheduler-0.16.2.tgz#1a62f89525723dde24ba1b01b092bf5df8ad4d39"
  integrity sha512-hppQEBDmlwhFAXKJX2KnWLYu5yMfi91yazPb2l+lbJiwW+wdo1gNeRA+3RgNSO39WYX2euey41KEwnqesU2Jew==

"@wcrichto/esbuild-utils@^0.3.0":
  version "0.3.0"
  resolved "https://registry.yarnpkg.com/@wcrichto/esbuild-utils/-/esbuild-utils-0.3.0.tgz#9d4dbaa2bfb1886f293b8e748e02138b61cb9828"
  integrity sha512-0PB5KUdQXnt66FushEbMGoWNucLuySPXMrNDIWfbt5ILdYqqwFIBH2LHhgjc5oyDeU4YIOvkpCGOavj7g3XBQQ==
  dependencies:
    commander "^8.1.0"
    lodash "^4.17.21"
    package-json-type "^1.0.3"

anymatch@~3.1.2:
  version "3.1.2"
  resolved "https://registry.yarnpkg.com/anymatch/-/anymatch-3.1.2.tgz#c0557c096af32f106198f4f4e2a383537e378716"
  integrity sha512-P43ePfOAIupkguHUycrc4qJ9kz8ZiuOUijaETwX7THt0Y/GNK7v0aa8rY816xWjZ7rJdA5XdMcpVFTKMq+RvWg==
  dependencies:
    normalize-path "^3.0.0"
    picomatch "^2.0.4"

binary-extensions@^2.0.0:
  version "2.2.0"
  resolved "https://registry.yarnpkg.com/binary-extensions/-/binary-extensions-2.2.0.tgz#75f502eeaf9ffde42fc98829645be4ea76bd9e2d"
  integrity sha512-jDctJ/IVQbZoJykoeHbhXpOlNBqGNcwXJKJog42E5HDPUwQTSdjCHdihjj0DlnheQ7blbT6dHOafNAiS8ooQKA==

braces@~3.0.2:
  version "3.0.2"
  resolved "https://registry.yarnpkg.com/braces/-/braces-3.0.2.tgz#3454e1a462ee8d599e236df336cd9ea4f8afe107"
  integrity sha512-b8um+L1RzM3WDSzvhm6gIz1yfTbBt6YTlcEKAvsmqCZZFw46z626lVj9j1yEPW33H5H+lBQpZMP1k8l+78Ha0A==
  dependencies:
    fill-range "^7.0.1"

"chokidar@>=3.0.0 <4.0.0":
  version "3.5.2"
  resolved "https://registry.yarnpkg.com/chokidar/-/chokidar-3.5.2.tgz#dba3976fcadb016f66fd365021d91600d01c1e75"
  integrity sha512-ekGhOnNVPgT77r4K/U3GDhu+FQ2S8TnK/s2KbIGXi0SZWuwkZ2QNyfWdZW+TVfn84DpEP7rLeCt2UI6bJ8GwbQ==
  dependencies:
    anymatch "~3.1.2"
    braces "~3.0.2"
    glob-parent "~5.1.2"
    is-binary-path "~2.1.0"
    is-glob "~4.0.1"
    normalize-path "~3.0.0"
    readdirp "~3.6.0"
  optionalDependencies:
    fsevents "~2.3.2"

classnames@^2.3.1:
  version "2.3.1"
  resolved "https://registry.yarnpkg.com/classnames/-/classnames-2.3.1.tgz#dfcfa3891e306ec1dad105d0e88f4417b8535e8e"
  integrity sha512-OlQdbZ7gLfGarSqxesMesDa5uz7KFbID8Kpq/SxIoNGDqY8lSYs0D+hhtBXhcdB3rcbXArFr7vlHheLk1voeNA==

commander@^6.0.0:
  version "6.2.1"
  resolved "https://registry.yarnpkg.com/commander/-/commander-6.2.1.tgz#0792eb682dfbc325999bb2b84fddddba110ac73c"
  integrity sha512-U7VdrJFnJgo4xjrHpTzu0yrHPGImdsmD95ZlgYSEajAn2JKzDhDTPG9kBTefmObL2w/ngeZnilk+OV9CG3d7UA==

commander@^8.1.0:
  version "8.1.0"
  resolved "https://registry.yarnpkg.com/commander/-/commander-8.1.0.tgz#db36e3e66edf24ff591d639862c6ab2c52664362"
  integrity sha512-mf45ldcuHSYShkplHHGKWb4TrmwQadxOn7v4WuhDJy0ZVoY5JFajaRDKD0PNe5qXzBX0rhovjTnP6Kz9LETcuA==

csstype@^3.0.2, csstype@^3.0.8:
  version "3.0.8"
  resolved "https://registry.yarnpkg.com/csstype/-/csstype-3.0.8.tgz#d2266a792729fb227cd216fb572f43728e1ad340"
  integrity sha512-jXKhWqXPmlUeoQnF/EhTtTl4C9SnrxSH/jZUih3jmO6lBKr99rP3/+FmrMj4EFpOXzMtXHAZkd3x0E6h6Fgflw==

dom-serializer@^1.0.1:
  version "1.3.2"
  resolved "https://registry.yarnpkg.com/dom-serializer/-/dom-serializer-1.3.2.tgz#6206437d32ceefaec7161803230c7a20bc1b4d91"
  integrity sha512-5c54Bk5Dw4qAxNOI1pFEizPSjVsx5+bpJKmL2kPn8JhBUq2q09tTCa3mjijun2NfK78NMouDYNMBkOrPZiS+ig==
  dependencies:
    domelementtype "^2.0.1"
    domhandler "^4.2.0"
    entities "^2.0.0"

domelementtype@^2.0.1, domelementtype@^2.2.0:
  version "2.2.0"
  resolved "https://registry.yarnpkg.com/domelementtype/-/domelementtype-2.2.0.tgz#9a0b6c2782ed6a1c7323d42267183df9bd8b1d57"
  integrity sha512-DtBMo82pv1dFtUmHyr48beiuq792Sxohr+8Hm9zoxklYPfa6n0Z3Byjj2IV7bmr2IyqClnqEQhfgHJJ5QF0R5A==

domhandler@^3.3.0:
  version "3.3.0"
  resolved "https://registry.yarnpkg.com/domhandler/-/domhandler-3.3.0.tgz#6db7ea46e4617eb15cf875df68b2b8524ce0037a"
  integrity sha512-J1C5rIANUbuYK+FuFL98650rihynUOEzRLxW+90bKZRWB6A1X1Tf82GxR1qAWLyfNPRvjqfip3Q5tdYlmAa9lA==
  dependencies:
    domelementtype "^2.0.1"

domhandler@^4.2.0:
  version "4.2.0"
  resolved "https://registry.yarnpkg.com/domhandler/-/domhandler-4.2.0.tgz#f9768a5f034be60a89a27c2e4d0f74eba0d8b059"
  integrity sha512-zk7sgt970kzPks2Bf+dwT/PLzghLnsivb9CcxkvR8Mzr66Olr0Ofd8neSbglHJHaHa2MadfoSdNlKYAaafmWfA==
  dependencies:
    domelementtype "^2.2.0"

domutils@^2.4.2:
  version "2.7.0"
  resolved "https://registry.yarnpkg.com/domutils/-/domutils-2.7.0.tgz#8ebaf0c41ebafcf55b0b72ec31c56323712c5442"
  integrity sha512-8eaHa17IwJUPAiB+SoTYBo5mCdeMgdcAoXJ59m6DT1vw+5iLS3gNoqYaRowaBKtGVrOF1Jz4yDTgYKLK2kvfJg==
  dependencies:
    dom-serializer "^1.0.1"
    domelementtype "^2.2.0"
    domhandler "^4.2.0"

entities@^2.0.0:
  version "2.2.0"
  resolved "https://registry.yarnpkg.com/entities/-/entities-2.2.0.tgz#098dc90ebb83d8dffa089d55256b351d34c4da55"
  integrity sha512-p92if5Nz619I0w+akJrLZH0MX0Pb5DX39XOwQTtXSdQQOaYH03S1uIQp4mhOZtAXrxq4ViO67YTiLBo2638o9A==

esbuild-sass-plugin@^1.4.8:
  version "1.4.8"
  resolved "https://registry.yarnpkg.com/esbuild-sass-plugin/-/esbuild-sass-plugin-1.4.8.tgz#3535af82007a08ec73ec6435040442dcf1b18a0a"
  integrity sha512-C+Wlug5NgP1K2eCEoDlTY5UwbG3ZGhqYP+mleLIpwzp+cbaiGQzlKElIuamLxRR6Kfr8NLC9sMtTzZG+0pbFqQ==
  dependencies:
    esbuild "^0.12.9"
    picomatch "^2.3.0"
    resolve "^1.20.0"
    sass "^1.35.1"

esbuild@^0.12.14, esbuild@^0.12.9:
  version "0.12.17"
  resolved "https://registry.yarnpkg.com/esbuild/-/esbuild-0.12.17.tgz#5816f905c2905de0ebbc658860df7b5b48afbcd3"
  integrity sha512-GshKJyVYUnlSXIZj/NheC2O0Kblh42CS7P1wJyTbbIHevTG4jYMS9NNw8EOd8dDWD0dzydYHS01MpZoUcQXB4g==

fill-range@^7.0.1:
  version "7.0.1"
  resolved "https://registry.yarnpkg.com/fill-range/-/fill-range-7.0.1.tgz#1919a6a7c75fe38b2c7c77e5198535da9acdda40"
  integrity sha512-qOo9F+dMUmC2Lcb4BbVvnKJxTPjCm+RRpe4gDuGrzkL7mEVl/djYSu2OdQ2Pa302N4oqkSg9ir6jaLWJ2USVpQ==
  dependencies:
    to-regex-range "^5.0.1"

fsevents@~2.3.2:
  version "2.3.2"
  resolved "https://registry.yarnpkg.com/fsevents/-/fsevents-2.3.2.tgz#8a526f78b8fdf4623b709e0b975c52c24c02fd1a"
  integrity sha512-xiqMQR4xAeHTuB9uWm+fFRcIOgKBMiOBP+eXiyT7jsgVCq1bkVygt00oASowB7EdtpOHaaPgKt812P9ab+DDKA==

function-bind@^1.1.1:
  version "1.1.1"
  resolved "https://registry.yarnpkg.com/function-bind/-/function-bind-1.1.1.tgz#a56899d3ea3c9bab874bb9773b7c5ede92f4895d"
  integrity sha512-yIovAzMX49sF8Yl58fSCWJ5svSLuaibPxXQJFLmBObTuCr0Mf1KiPopGM9NiFjiYBCbfaa2Fh6breQ6ANVTI0A==

glob-parent@~5.1.2:
  version "5.1.2"
  resolved "https://registry.yarnpkg.com/glob-parent/-/glob-parent-5.1.2.tgz#869832c58034fe68a4093c17dc15e8340d8401c4"
  integrity sha512-AOIgSQCepiJYwP3ARnGx+5VnTu2HBYdzbGP45eLw1vr3zB3vZLeyed1sC9hnbcOc9/SrMyM5RPQrkGz4aS9Zow==
  dependencies:
    is-glob "^4.0.1"

has@^1.0.3:
  version "1.0.3"
  resolved "https://registry.yarnpkg.com/has/-/has-1.0.3.tgz#722d7cbfc1f6aa8241f16dd814e011e1f41e8796"
  integrity sha512-f2dvO0VU6Oej7RkWJGrehjbzMAjFp5/VKPp5tTpWIV4JHHZK1/BxbFRtf/siA2SWTe09caDmVtYYzWEIbBS4zw==
  dependencies:
    function-bind "^1.1.1"

html-to-react@^1.4.5:
  version "1.4.5"
  resolved "https://registry.yarnpkg.com/html-to-react/-/html-to-react-1.4.5.tgz#59091c11021d1ef315ef738460abb6a4a41fe1ce"
  integrity sha512-KONZUDFPg5OodWaQu2ymfkDmU0JA7zB1iPfvyHehTmMUZnk0DS7/TyCMTzsLH6b4BvxX15g88qZCXFhJWktsmA==
  dependencies:
    domhandler "^3.3.0"
    htmlparser2 "^5.0"
    lodash.camelcase "^4.3.0"
    ramda "^0.27.1"

htmlparser2@^5.0:
  version "5.0.1"
  resolved "https://registry.yarnpkg.com/htmlparser2/-/htmlparser2-5.0.1.tgz#7daa6fc3e35d6107ac95a4fc08781f091664f6e7"
  integrity sha512-vKZZra6CSe9qsJzh0BjBGXo8dvzNsq/oGvsjfRdOrrryfeD9UOBEEQdeoqCRmKZchF5h2zOBMQ6YuQ0uRUmdbQ==
  dependencies:
    domelementtype "^2.0.1"
    domhandler "^3.3.0"
    domutils "^2.4.2"
    entities "^2.0.0"

is-binary-path@~2.1.0:
  version "2.1.0"
  resolved "https://registry.yarnpkg.com/is-binary-path/-/is-binary-path-2.1.0.tgz#ea1f7f3b80f064236e83470f86c09c254fb45b09"
  integrity sha512-ZMERYes6pDydyuGidse7OsHxtbI7WVeUEozgR/g7rd0xUimYNlvZRE/K2MgZTjWy725IfelLeVcEM97mmtRGXw==
  dependencies:
    binary-extensions "^2.0.0"

is-core-module@^2.2.0:
  version "2.5.0"
  resolved "https://registry.yarnpkg.com/is-core-module/-/is-core-module-2.5.0.tgz#f754843617c70bfd29b7bd87327400cda5c18491"
  integrity sha512-TXCMSDsEHMEEZ6eCA8rwRDbLu55MRGmrctljsBX/2v1d9/GzqHOxW5c5oPSgrUt2vBFXebu9rGqckXGPWOlYpg==
  dependencies:
    has "^1.0.3"

is-extglob@^2.1.1:
  version "2.1.1"
  resolved "https://registry.yarnpkg.com/is-extglob/-/is-extglob-2.1.1.tgz#a88c02535791f02ed37c76a1b9ea9773c833f8c2"
  integrity sha1-qIwCU1eR8C7TfHahueqXc8gz+MI=

is-glob@^4.0.1, is-glob@~4.0.1:
  version "4.0.1"
  resolved "https://registry.yarnpkg.com/is-glob/-/is-glob-4.0.1.tgz#7567dbe9f2f5e2467bc77ab83c4a29482407a5dc"
  integrity sha512-5G0tKtBTFImOqDnLB2hG6Bp2qcKEFduo4tZu9MT/H6NQv/ghhy30o55ufafxJ/LdH79LLs2Kfrn85TLKyA7BUg==
  dependencies:
    is-extglob "^2.1.1"

is-number@^7.0.0:
  version "7.0.0"
  resolved "https://registry.yarnpkg.com/is-number/-/is-number-7.0.0.tgz#7535345b896734d5f80c4d06c50955527a14f12b"
  integrity sha512-41Cifkg6e8TylSpdtTpeLVMqvSBEVzTttHvERD741+pnZ8ANv0004MRL43QKPDlK9cGvNp6NZWZUBlbGXYxxng==

"js-tokens@^3.0.0 || ^4.0.0":
  version "4.0.0"
  resolved "https://registry.yarnpkg.com/js-tokens/-/js-tokens-4.0.0.tgz#19203fb59991df98e3a287050d4647cdeaf32499"
  integrity sha512-RdJUflcE3cUzKiMqQgsCu06FPu9UdIJO0beYbPhHN4k6apgJtifcoCtT9bcxOpYBtpD2kCM6Sbzg4CausW/PKQ==

katex@0.13.11:
  version "0.13.11"
  resolved "https://registry.yarnpkg.com/katex/-/katex-0.13.11.tgz#66138ebf173f25ef130cd3a3ea3ea1d12a3f1362"
  integrity sha512-yJBHVIgwlAaapzlbvTpVF/ZOs8UkTj/sd46Fl8+qAf2/UiituPYVeapVD8ADZtqyRg/qNWUKt7gJoyYVWLrcXw==
  dependencies:
    commander "^6.0.0"

lezer-tree@^0.13.0, lezer-tree@^0.13.2:
  version "0.13.2"
  resolved "https://registry.yarnpkg.com/lezer-tree/-/lezer-tree-0.13.2.tgz#00f4671309b15c27b131f637e430ce2d4d5f7065"
  integrity sha512-15ZxW8TxVNAOkHIo43Iouv4zbSkQQ5chQHBpwXcD2bBFz46RB4jYLEEww5l1V0xyIx9U2clSyyrLes+hAUFrGQ==

lezer@^0.13.4:
  version "0.13.5"
  resolved "https://registry.yarnpkg.com/lezer/-/lezer-0.13.5.tgz#6000536bca7e24a5bd62e8cb4feff28b37e7dd8f"
  integrity sha512-cAiMQZGUo2BD8mpcz7Nv1TlKzWP7YIdIRrX41CiP5bk5t4GHxskOxWUx2iAOuHlz8dO+ivbuXr0J1bfHsWD+lQ==
  dependencies:
    lezer-tree "^0.13.2"

lodash.camelcase@^4.3.0:
  version "4.3.0"
  resolved "https://registry.yarnpkg.com/lodash.camelcase/-/lodash.camelcase-4.3.0.tgz#b28aa6288a2b9fc651035c7711f65ab6190331a6"
  integrity sha1-soqmKIorn8ZRA1x3EfZathkDMaY=

lodash@^4.17.21:
  version "4.17.21"
  resolved "https://registry.yarnpkg.com/lodash/-/lodash-4.17.21.tgz#679591c564c3bffaae8454cf0b3df370c3d6911c"
  integrity sha512-v2kDEe57lecTulaDIuNTPy3Ry4gLGJ6Z1O3vE1krgXZNrsQ+LFTGHVxVjcXPs17LhbZVGedAJv8XZ1tvj5FvSg==

loose-envify@^1.1.0, loose-envify@^1.4.0:
  version "1.4.0"
  resolved "https://registry.yarnpkg.com/loose-envify/-/loose-envify-1.4.0.tgz#71ee51fa7be4caec1a63839f7e682d8132d30caf"
  integrity sha512-lyuxPGr/Wfhrlem2CL/UcnUc1zcqKAImBDzukY7Y5F/yQiNdko6+fRLevlw1HgMySw7f611UIY408EtxRSoK3Q==
  dependencies:
    js-tokens "^3.0.0 || ^4.0.0"

mobx-react-lite@^3.2.0:
  version "3.2.0"
  resolved "https://registry.yarnpkg.com/mobx-react-lite/-/mobx-react-lite-3.2.0.tgz#331d7365a6b053378dfe9c087315b4e41c5df69f"
  integrity sha512-q5+UHIqYCOpBoFm/PElDuOhbcatvTllgRp3M1s+Hp5j0Z6XNgDbgqxawJ0ZAUEyKM8X1zs70PCuhAIzX1f4Q/g==

mobx-react@^7.2.0:
  version "7.2.0"
  resolved "https://registry.yarnpkg.com/mobx-react/-/mobx-react-7.2.0.tgz#241e925e963bb83a31d269f65f9f379e37ecbaeb"
  integrity sha512-KHUjZ3HBmZlNnPd1M82jcdVsQRDlfym38zJhZEs33VxyVQTvL77hODCArq6+C1P1k/6erEeo2R7rpE7ZeOL7dg==
  dependencies:
    mobx-react-lite "^3.2.0"

mobx@^6.3.2:
  version "6.3.2"
  resolved "https://registry.yarnpkg.com/mobx/-/mobx-6.3.2.tgz#125590961f702a572c139ab69392bea416d2e51b"
  integrity sha512-xGPM9dIE1qkK9Nrhevp0gzpsmELKU4MFUJRORW/jqxVFIHHWIoQrjDjL8vkwoJYY3C2CeVJqgvl38hgKTalTWg==

normalize-path@^3.0.0, normalize-path@~3.0.0:
  version "3.0.0"
  resolved "https://registry.yarnpkg.com/normalize-path/-/normalize-path-3.0.0.tgz#0dcd69ff23a1c9b11fd0978316644a0388216a65"
  integrity sha512-6eZs5Ls3WtCisHWp9S2GUy8dqkpGi4BVSz3GaqiE6ezub0512ESztXUwUB6C6IKbQkY2Pnb/mD4WYojCRwcwLA==

object-assign@^4.1.1:
  version "4.1.1"
  resolved "https://registry.yarnpkg.com/object-assign/-/object-assign-4.1.1.tgz#2109adc7965887cfc05cbbd442cac8bfbb360863"
  integrity sha1-IQmtx5ZYh8/AXLvUQsrIv7s2CGM=

package-json-type@^1.0.3:
  version "1.0.3"
  resolved "https://registry.yarnpkg.com/package-json-type/-/package-json-type-1.0.3.tgz#f869b8abb094ae0e5bdd7a01355eeddcdf3fb597"
  integrity sha512-Bey4gdRuOwDbS8Fj1qA3/pTq5r8pqiI5E3tjSqCdhaLSsyGG364VFzXLTIexN5AaNGe/vgdBzLfoKdr7EVg2KQ==

path-parse@^1.0.6:
  version "1.0.7"
  resolved "https://registry.yarnpkg.com/path-parse/-/path-parse-1.0.7.tgz#fbc114b60ca42b30d9daf5858e4bd68bbedb6735"
  integrity sha512-LDJzPVEEEPR+y48z93A0Ed0yXb8pAByGWo/k5YYdYgpY2/2EsOsksJrq7lOHxryrVOn1ejG6oAp8ahvOIQD8sw==

picomatch@^2.0.4, picomatch@^2.2.1, picomatch@^2.3.0:
  version "2.3.0"
  resolved "https://registry.yarnpkg.com/picomatch/-/picomatch-2.3.0.tgz#f1f061de8f6a4bf022892e2d128234fb98302972"
  integrity sha512-lY1Q/PiJGC2zOv/z391WOTD+Z02bCgsFfvxoXXf6h7kv9o+WmsmzYqrAwY63sNgOxE4xEdq0WyUnXfKeBrSvYw==

prop-types@^15.7.2:
  version "15.7.2"
  resolved "https://registry.yarnpkg.com/prop-types/-/prop-types-15.7.2.tgz#52c41e75b8c87e72b9d9360e0206b99dcbffa6c5"
  integrity sha512-8QQikdH7//R2vurIJSutZ1smHYTcLpRWEOlHnzcWHmBYrOGUysKwSsrC89BCiFj3CbrfJ/nXFdJepOVrY1GCHQ==
  dependencies:
    loose-envify "^1.4.0"
    object-assign "^4.1.1"
    react-is "^16.8.1"

ramda@^0.27.1:
  version "0.27.1"
  resolved "https://registry.yarnpkg.com/ramda/-/ramda-0.27.1.tgz#66fc2df3ef873874ffc2da6aa8984658abacf5c9"
  integrity sha512-PgIdVpn5y5Yns8vqb8FzBUEYn98V3xcPgawAkkgj0YJ0qDsnHCiNmZYfOGMgOvoB0eWFLpYbhxUR3mxfDIMvpw==

react-async@^10.0.1:
  version "10.0.1"
  resolved "https://registry.yarnpkg.com/react-async/-/react-async-10.0.1.tgz#575c083f808303d2f6ca52d11ec7554dbdbd9fcd"
  integrity sha512-ORUz5ca0B57QgBIzEZM5SuhJ6xFjkvEEs0gylLNlWf06vuVcLZsjIw3wx58jJkZG38p+0nUAxRgFW2b7mnVZzA==

react-dom@^17.0.2:
  version "17.0.2"
  resolved "https://registry.yarnpkg.com/react-dom/-/react-dom-17.0.2.tgz#ecffb6845e3ad8dbfcdc498f0d0a939736502c23"
  integrity sha512-s4h96KtLDUQlsENhMn1ar8t2bEa+q/YAtj8pPPdIjPDGBDIVNsrD9aXNWqspUe6AzKCIG0C1HZZLqLV7qpOBGA==
  dependencies:
    loose-envify "^1.1.0"
    object-assign "^4.1.1"
    scheduler "^0.20.2"

react-is@^16.8.1:
  version "16.13.1"
  resolved "https://registry.yarnpkg.com/react-is/-/react-is-16.13.1.tgz#789729a4dc36de2999dc156dd6c1d9c18cea56a4"
  integrity sha512-24e6ynE2H+OKt4kqsOvNd8kBpV65zoxbA4BVsEOB3ARVWQki/DHzaUoC5KuON/BiccDaCCTZBuOcfZs70kR8bQ==

react-loader-spinner@^4.0.0:
  version "4.0.0"
  resolved "https://registry.yarnpkg.com/react-loader-spinner/-/react-loader-spinner-4.0.0.tgz#43d9e71b0574219f64216933c28ef5faa12262f6"
  integrity sha512-RU2vpEej6G4ECei0h3q6bgLU10of9Lw5O+4AwF/mtkrX5oY20Sh/AxoPJ7etbrs/7Q3u4jN5qwCwGLRKCHpk6g==
  dependencies:
    prop-types "^15.7.2"

react@^17.0.2:
  version "17.0.2"
  resolved "https://registry.yarnpkg.com/react/-/react-17.0.2.tgz#d0b5cc516d29eb3eee383f75b62864cfb6800037"
  integrity sha512-gnhPt75i/dq/z3/6q/0asP78D0u592D5L1pd7M8P+dck6Fu/jJeL6iVVK23fptSUZj8Vjf++7wXA8UNclGQcbA==
  dependencies:
    loose-envify "^1.1.0"
    object-assign "^4.1.1"

readdirp@~3.6.0:
  version "3.6.0"
  resolved "https://registry.yarnpkg.com/readdirp/-/readdirp-3.6.0.tgz#74a370bd857116e245b29cc97340cd431a02a6c7"
  integrity sha512-hOS089on8RduqdbhvQ5Z37A0ESjsqz6qnRcffsMU3495FuTdqSm+7bhJ29JvIOsBDEEnan5DPu9t3To9VRlMzA==
  dependencies:
    picomatch "^2.2.1"

resolve@^1.20.0:
  version "1.20.0"
  resolved "https://registry.yarnpkg.com/resolve/-/resolve-1.20.0.tgz#629a013fb3f70755d6f0b7935cc1c2c5378b1975"
  integrity sha512-wENBPt4ySzg4ybFQW2TT1zMQucPK95HSh/nq2CFTZVOGut2+pQvSsgtda4d26YrYcr067wjbmzOG8byDPBX63A==
  dependencies:
    is-core-module "^2.2.0"
    path-parse "^1.0.6"

sass@^1.35.1, sass@^1.35.2:
  version "1.37.5"
  resolved "https://registry.yarnpkg.com/sass/-/sass-1.37.5.tgz#f6838351f7cc814c4fcfe1d9a20e0cabbd1e7b3c"
  integrity sha512-Cx3ewxz9QB/ErnVIiWg2cH0kiYZ0FPvheDTVC6BsiEGBTZKKZJ1Gq5Kq6jy3PKtL6+EJ8NIoaBW/RSd2R6cZOA==
  dependencies:
    chokidar ">=3.0.0 <4.0.0"

scheduler@^0.20.2:
  version "0.20.2"
  resolved "https://registry.yarnpkg.com/scheduler/-/scheduler-0.20.2.tgz#4baee39436e34aa93b4874bddcbf0fe8b8b50e91"
  integrity sha512-2eWfGgAqqWFGqtdMmcL5zCMK1U8KlXv8SQFGglL3CEtd0aDVDWgeF/YoCmvln55m5zSk3J/20hTaSBeSObsQDQ==
  dependencies:
    loose-envify "^1.1.0"
    object-assign "^4.1.1"

style-mod@^4.0.0:
  version "4.0.0"
  resolved "https://registry.yarnpkg.com/style-mod/-/style-mod-4.0.0.tgz#97e7c2d68b592975f2ca7a63d0dd6fcacfe35a01"
  integrity sha512-OPhtyEjyyN9x3nhPsu76f52yUGXiZcgvsrFVtvTkyGRQJ0XK+GPc6ov1z+lRpbeabka+MYEQxOYRnt5nF30aMw==

to-regex-range@^5.0.1:
  version "5.0.1"
  resolved "https://registry.yarnpkg.com/to-regex-range/-/to-regex-range-5.0.1.tgz#1648c44aae7c8d988a326018ed72f5b4dd0392e4"
  integrity sha512-65P7iz6X5yEr1cwcgvQxbbIw7Uk3gOy5dIdtZ4rDveLqhrdJP+Li/Hx6tyK0NEb+2GCyneCMJiGqrADCSNk8sQ==
  dependencies:
    is-number "^7.0.0"

typescript@^4.3.5:
  version "4.3.5"
  resolved "https://registry.yarnpkg.com/typescript/-/typescript-4.3.5.tgz#4d1c37cc16e893973c45a06886b7113234f119f4"
  integrity sha512-DqQgihaQ9cUrskJo9kIyW/+g0Vxsk8cDtZ52a3NGh0YNTfpUSArXSohyUGnvbPazEPLu398C0UxmKSOrPumUzA==

w3c-keyname@^2.2.4:
  version "2.2.4"
  resolved "https://registry.yarnpkg.com/w3c-keyname/-/w3c-keyname-2.2.4.tgz#4ade6916f6290224cdbd1db8ac49eab03d0eef6b"
  integrity sha512-tOhfEwEzFLJzf6d1ZPkYfGj+FWhIpBux9ppoP3rlclw3Z0BZv3N7b7030Z1kYth+6rDuAsXUFr+d0VE6Ed1ikw==
