# THIS IS AN AUTOGENERATED FILE. DO NOT EDIT THIS FILE DIRECTLY.
# yarn lockfile v1


"@codemirror/highlight@^0.19.0":
  version "0.19.6"
  resolved "https://registry.yarnpkg.com/@codemirror/highlight/-/highlight-0.19.6.tgz#7f2e066f83f5649e8e0748a3abe0aaeaf64b8ac2"
  integrity sha512-+eibu6on9quY8uN3xJ/n3rH+YIDLlpX7YulVmFvqAIz/ukRQ5tWaBmB7fMixHmnmRIRBRZgB8rNtonuMwZSAHQ==
  dependencies:
    "@codemirror/language" "^0.19.0"
    "@codemirror/rangeset" "^0.19.0"
    "@codemirror/state" "^0.19.0"
    "@codemirror/view" "^0.19.0"
    "@lezer/common" "^0.15.0"
    style-mod "^4.0.0"

"@codemirror/lang-rust@^0.19.1":
  version "0.19.1"
  resolved "https://registry.yarnpkg.com/@codemirror/lang-rust/-/lang-rust-0.19.1.tgz#3ed1386bbc825ae5dbd09b28f31a9ee4ec0dae86"
  integrity sha512-T/LzRC5bMPvkMg11kr/jnpScqsE68B+F0SYqjyQTzQ+666RhHJICDCSlk7wbIrJi/fagpBwvuAmo2LgQ8dcGsQ==
  dependencies:
    "@codemirror/highlight" "^0.19.0"
    "@codemirror/language" "^0.19.0"
    "@lezer/rust" "^0.15.0"

"@codemirror/language@^0.19.0":
  version "0.19.3"
  resolved "https://registry.yarnpkg.com/@codemirror/language/-/language-0.19.3.tgz#e4f61555dec0787f757b78348a54a00f3bb23c9c"
  integrity sha512-6vjkRYHRJg/z9wdAk75nU2fQwCJBsh2HpkIjKXIHfzISSgLt5qSDxVhPd8Uu8PD5WMmFFP8tX7I9kdIt873o0A==
  dependencies:
    "@codemirror/state" "^0.19.0"
    "@codemirror/text" "^0.19.0"
    "@codemirror/view" "^0.19.0"
    "@lezer/common" "^0.15.5"
    "@lezer/lr" "^0.15.0"

"@codemirror/rangeset@^0.19.0":
  version "0.19.1"
  resolved "https://registry.yarnpkg.com/@codemirror/rangeset/-/rangeset-0.19.1.tgz#03ab6f93fb60d9ba98f810b98ed9471cba1e3854"
  integrity sha512-WaKTEw8JB/3QFlQzpdgRoklopcWvG8O/Xp+rxxOfFKYTaeaejpY/tjpyBBg+Ea65Ka3m7+pPp9d5j/oR2rd9NA==
  dependencies:
    "@codemirror/state" "^0.19.0"

"@codemirror/state@^0.19.0", "@codemirror/state@^0.19.2":
  version "0.19.2"
  resolved "https://registry.yarnpkg.com/@codemirror/state/-/state-0.19.2.tgz#81de81f89e87b9362b8bc6d51135637dddd4d33d"
  integrity sha512-dDqCrtkb0c/LYUlvQBLyLfkISEskbZnhvBbcVOF4j2AusJ1ptJ3EGMxBL9G16GP1TOdC1T613gA1J1qc3pbfGQ==
  dependencies:
    "@codemirror/text" "^0.19.0"

"@codemirror/text@^0.19.0":
  version "0.19.5"
  resolved "https://registry.yarnpkg.com/@codemirror/text/-/text-0.19.5.tgz#75033af2476214e79eae22b81ada618815441c18"
  integrity sha512-Syu5Xc7tZzeUAM/y4fETkT0zgGr48rDG+w4U38bPwSIUr+L9S/7w2wDE1WGNzjaZPz12F6gb1gxWiSTg9ocLow==

"@codemirror/view@^0.19.0":
  version "0.19.9"
  resolved "https://registry.yarnpkg.com/@codemirror/view/-/view-0.19.9.tgz#cbdcbc398818e7c9603c81e4b2a2868ec0a1f954"
  integrity sha512-d2Z2rFl53yTwvhsRYtS97xT7ce1f/Q/NNE2uDg/Be1MVjP2v1OlwUTyTosBmxiCt4oUvMklfa+EdPGOATVJhtg==
  dependencies:
    "@codemirror/rangeset" "^0.19.0"
    "@codemirror/state" "^0.19.2"
    "@codemirror/text" "^0.19.0"
    style-mod "^4.0.0"
    w3c-keyname "^2.2.4"

"@lezer/common@^0.15.0", "@lezer/common@^0.15.5":
  version "0.15.7"
  resolved "https://registry.yarnpkg.com/@lezer/common/-/common-0.15.7.tgz#8b445dae9777f689783132cf490770ece3c03d7b"
  integrity sha512-Rw8TDJnBzZnkyzIXs1Tmmd241FrBLJBj8gkdy3y0joGFb8Z4I/joKEsR+gv1pb13o1TMsZxm3fmP+d/wPt2CTQ==

"@lezer/lr@^0.15.0":
  version "0.15.4"
  resolved "https://registry.yarnpkg.com/@lezer/lr/-/lr-0.15.4.tgz#634670d7224040fddac1370af01211eecd9ac0a0"
  integrity sha512-vwgG80sihEGJn6wJp6VijXrnzVai/KPva/OzYKaWvIx0IiXKjoMQ8UAwcgpSBwfS4Fbz3IKOX/cCNXU3r1FvpQ==
  dependencies:
    "@lezer/common" "^0.15.0"

"@lezer/rust@^0.15.0":
  version "0.15.0"
  resolved "https://registry.yarnpkg.com/@lezer/rust/-/rust-0.15.0.tgz#ddf89cae9d01c46f583162cff4ac71d1b39c1c0f"
  integrity sha512-vq7P0P9478Y4J0cKuwChNJjoZBNERyqBJ4wG94gYORKqXmUei/GtIAxu1Ei24BJRPrVHrg0NmC6daFd+i1re1Q==
  dependencies:
    "@lezer/lr" "^0.15.0"

axios@^0.23.0:
  version "0.23.0"
  resolved "https://registry.yarnpkg.com/axios/-/axios-0.23.0.tgz#b0fa5d0948a8d1d75e3d5635238b6c4625b05149"
  integrity sha512-NmvAE4i0YAv5cKq8zlDoPd1VLKAqX5oLuZKs8xkJa4qi6RGn0uhCYFjWtHHC9EM/MwOwYWOs53W+V0aqEXq1sg==
  dependencies:
    follow-redirects "^1.14.4"

follow-redirects@^1.14.4:
  version "1.14.4"
  resolved "https://registry.yarnpkg.com/follow-redirects/-/follow-redirects-1.14.4.tgz#838fdf48a8bbdd79e52ee51fb1c94e3ed98b9379"
  integrity sha512-zwGkiSXC1MUJG/qmeIFH2HBJx9u0V46QGUe3YR1fXG8bXQxq7fLj0RjLZQ5nubr9qNJUZrH+xUcwXEoXNpfS+g==

style-mod@^4.0.0:
  version "4.0.0"
  resolved "https://registry.yarnpkg.com/style-mod/-/style-mod-4.0.0.tgz#97e7c2d68b592975f2ca7a63d0dd6fcacfe35a01"
  integrity sha512-OPhtyEjyyN9x3nhPsu76f52yUGXiZcgvsrFVtvTkyGRQJ0XK+GPc6ov1z+lRpbeabka+MYEQxOYRnt5nF30aMw==

w3c-keyname@^2.2.4:
  version "2.2.4"
  resolved "https://registry.yarnpkg.com/w3c-keyname/-/w3c-keyname-2.2.4.tgz#4ade6916f6290224cdbd1db8ac49eab03d0eef6b"
  integrity sha512-tOhfEwEzFLJzf6d1ZPkYfGj+FWhIpBux9ppoP3rlclw3Z0BZv3N7b7030Z1kYth+6rDuAsXUFr+d0VE6Ed1ikw==
